
Microsoft Visual Studio Solution File, Format Version 12.00
# Visual Studio Version 17
VisualStudioVersion = 17.0.32112.339
MinimumVisualStudioVersion = 10.0.40219.1
Project("{FAE04EC0-301F-11D3-BF4B-00C04F79EFBC}") = "MySQLDataImport", "MySQLDataImport\MySQLDataImport.csproj", "{1F012373-4217-4242-ADAA-88AFA3BF7A8E}"
EndProject
Global
	GlobalSection(SolutionConfigurationPlatforms) = preSolution
		Debug|Any CPU = Debug|Any CPU
		Release|Any CPU = Release|Any CPU
	EndGlobalSection
	GlobalSection(ProjectConfigurationPlatforms) = postSolution
		{1F012373-4217-4242-ADAA-88AFA3BF7A8E}.Debug|Any CPU.ActiveCfg = Debug|Any CPU
		{1F012373-4217-4242-ADAA-88AFA3BF7A8E}.Debug|Any CPU.Build.0 = Debug|Any CPU
		{1F012373-4217-4242-ADAA-88AFA3BF7A8E}.Release|Any CPU.ActiveCfg = Release|Any CPU
		{1F012373-4217-4242-ADAA-88AFA3BF7A8E}.Release|Any CPU.Build.0 = Release|Any CPU
	EndGlobalSection
	GlobalSection(SolutionProperties) = preSolution
		HideSolutionNode = FALSE
	EndGlobalSection
	GlobalSection(ExtensibilityGlobals) = postSolution
		SolutionGuid = {F1E31732-D37C-4F15-984A-AB432097D784}
	EndGlobalSection
EndGlobal
